{
  "name": "Coder-boop-web",
  "version": "1.0.0",
  "lockfileVersion": 1,
  "dependencies": {
    "axios": {
      "version": "0.21.1",
      "resolved": "https://registry.npmjs.org/axios/-/axios-0.21.1.tgz",
      "integrity": "sha512-...",
      "dev": false
    },
    "express": {
      "version": "4.17.1",
      "resolved": "https://registry.npmjs.org/express/-/express-4.17.1.tgz",
      "integrity": "sha512-...",
      "dev": false
    },
    "jest": {
      "version": "26.6.0",
      "resolved": "https://registry.npmjs.org/jest/-/jest-26.6.0.tgz",
      "integrity": "sha512-...",
      "dev": true
    }
  }
}
